
Microsoft Visual Studio Solution File, Format Version 12.00
# Visual Studio Version 17
VisualStudioVersion = 17.4.33122.133
MinimumVisualStudioVersion = 10.0.40219.1
Project("{FAE04EC0-301F-11D3-BF4B-00C04F79EFBC}") = "PlagiarismValidationProject", "PlagiarismValidationProject.csproj", "{23994A7B-E0BA-4F4F-839D-C07D09DD6868}"
EndProject
Global
	GlobalSection(SolutionConfigurationPlatforms) = preSolution
		Debug|Any CPU = Debug|Any CPU
		Release|Any CPU = Release|Any CPU
	EndGlobalSection
	GlobalSection(ProjectConfigurationPlatforms) = postSolution
		{23994A7B-E0BA-4F4F-839D-C07D09DD6868}.Debug|Any CPU.ActiveCfg = Debug|Any CPU
		{23994A7B-E0BA-4F4F-839D-C07D09DD6868}.Debug|Any CPU.Build.0 = Debug|Any CPU
		{23994A7B-E0BA-4F4F-839D-C07D09DD6868}.Release|Any CPU.ActiveCfg = Release|Any CPU
		{23994A7B-E0BA-4F4F-839D-C07D09DD6868}.Release|Any CPU.Build.0 = Release|Any CPU
	EndGlobalSection
	GlobalSection(SolutionProperties) = preSolution
		HideSolutionNode = FALSE
	EndGlobalSection
	GlobalSection(ExtensibilityGlobals) = postSolution
		SolutionGuid = {5FE65674-0DC9-4DD6-BE1C-C58DD3D543DB}
	EndGlobalSection
EndGlobal
